
Microsoft Visual Studio Solution File, Format Version 12.00
Project("{FAE04EC0-301F-11D3-BF4B-00C04F79EFBC}") = "OrysPlayer.Api", "OrysPlayer.Api\OrysPlayer.Api.csproj", "{C956D59A-B815-4C60-B7C2-81E5B92CB878}"
EndProject
Global
	GlobalSection(SolutionConfigurationPlatforms) = preSolution
		Debug|Any CPU = Debug|Any CPU
		Release|Any CPU = Release|Any CPU
	EndGlobalSection
	GlobalSection(ProjectConfigurationPlatforms) = postSolution
		{C956D59A-B815-4C60-B7C2-81E5B92CB878}.Debug|Any CPU.ActiveCfg = Debug|Any CPU
		{C956D59A-B815-4C60-B7C2-81E5B92CB878}.Debug|Any CPU.Build.0 = Debug|Any CPU
		{C956D59A-B815-4C60-B7C2-81E5B92CB878}.Release|Any CPU.ActiveCfg = Release|Any CPU
		{C956D59A-B815-4C60-B7C2-81E5B92CB878}.Release|Any CPU.Build.0 = Release|Any CPU
	EndGlobalSection
EndGlobal
